
Microsoft Visual Studio Solution File, Format Version 12.00
# Visual Studio 2015
Project("{FAE04EC0-301F-11D3-BF4B-00C04F79EFBC}") = "Cops N Crooks.CSharp", "Cops N Crooks.CSharp.csproj", "{8E80E076-EC0E-0C62-1A41-D1D1B3112D91}"
EndProject
Project("{FAE04EC0-301F-11D3-BF4B-00C04F79EFBC}") = "Cops N Crooks.CSharp.Editor", "Cops N Crooks.CSharp.Editor.csproj", "{5BAB602F-F4C1-0364-AC17-B2C63000B7C9}"
EndProject
Global
	GlobalSection(SolutionConfigurationPlatforms) = preSolution
		Debug|Any CPU = Debug|Any CPU
		Release|Any CPU = Release|Any CPU
	EndGlobalSection
	GlobalSection(ProjectConfigurationPlatforms) = postSolution
		{8E80E076-EC0E-0C62-1A41-D1D1B3112D91}.Debug|Any CPU.ActiveCfg = Debug|Any CPU
		{8E80E076-EC0E-0C62-1A41-D1D1B3112D91}.Debug|Any CPU.Build.0 = Debug|Any CPU
		{8E80E076-EC0E-0C62-1A41-D1D1B3112D91}.Release|Any CPU.ActiveCfg = Release|Any CPU
		{8E80E076-EC0E-0C62-1A41-D1D1B3112D91}.Release|Any CPU.Build.0 = Release|Any CPU
		{5BAB602F-F4C1-0364-AC17-B2C63000B7C9}.Debug|Any CPU.ActiveCfg = Debug|Any CPU
		{5BAB602F-F4C1-0364-AC17-B2C63000B7C9}.Debug|Any CPU.Build.0 = Debug|Any CPU
		{5BAB602F-F4C1-0364-AC17-B2C63000B7C9}.Release|Any CPU.ActiveCfg = Release|Any CPU
		{5BAB602F-F4C1-0364-AC17-B2C63000B7C9}.Release|Any CPU.Build.0 = Release|Any CPU
	EndGlobalSection
	GlobalSection(SolutionProperties) = preSolution
		HideSolutionNode = FALSE
	EndGlobalSection
EndGlobal
